
Microsoft Visual Studio Solution File, Format Version 12.00
Project("{FAE04EC0-301F-11D3-BF4B-00C04F79EFBC}") = "NO_ServerVisualOnlyBulletSkip", "NO_SVOBS\NO_SVOBS.csproj", "{43022F6F-9B8E-4006-9191-47759EB17403}"
EndProject
Global
	GlobalSection(SolutionConfigurationPlatforms) = preSolution
		Debug|Any CPU = Debug|Any CPU
		Release|Any CPU = Release|Any CPU
	EndGlobalSection
	GlobalSection(ProjectConfigurationPlatforms) = postSolution
		{43022F6F-9B8E-4006-9191-47759EB17403}.Debug|Any CPU.ActiveCfg = Debug|Any CPU
		{43022F6F-9B8E-4006-9191-47759EB17403}.Debug|Any CPU.Build.0 = Debug|Any CPU
		{43022F6F-9B8E-4006-9191-47759EB17403}.Release|Any CPU.ActiveCfg = Release|Any CPU
		{43022F6F-9B8E-4006-9191-47759EB17403}.Release|Any CPU.Build.0 = Release|Any CPU
	EndGlobalSection
EndGlobal
